
Microsoft Visual Studio Solution File, Format Version 12.00
# Visual Studio 15
VisualStudioVersion = 15.0.26124.0
MinimumVisualStudioVersion = 15.0.26124.0
Project("{F2A71F9B-5D33-465A-A702-920D77279786}") = "arthemis", "arthemis\arthemis.fsproj", "{8BDC781C-1B41-4CC5-87D4-96D3A020554A}"
EndProject
Project("{F2A71F9B-5D33-465A-A702-920D77279786}") = "arthemis.Test", "arthemis.Test\arthemis.Test.fsproj", "{0E8DB0F9-B8AE-485D-9D14-B576F3FCA813}"
EndProject
Project("{F2A71F9B-5D33-465A-A702-920D77279786}") = "arthmi", "arthmi\arthmi.fsproj", "{2D121E06-24DD-49D7-87BE-61CACDA33DF0}"
EndProject
Global
	GlobalSection(SolutionConfigurationPlatforms) = preSolution
		Debug|Any CPU = Debug|Any CPU
		Debug|x64 = Debug|x64
		Debug|x86 = Debug|x86
		Release|Any CPU = Release|Any CPU
		Release|x64 = Release|x64
		Release|x86 = Release|x86
	EndGlobalSection
	GlobalSection(SolutionProperties) = preSolution
		HideSolutionNode = FALSE
	EndGlobalSection
	GlobalSection(ProjectConfigurationPlatforms) = postSolution
		{8BDC781C-1B41-4CC5-87D4-96D3A020554A}.Debug|Any CPU.ActiveCfg = Debug|Any CPU
		{8BDC781C-1B41-4CC5-87D4-96D3A020554A}.Debug|Any CPU.Build.0 = Debug|Any CPU
		{8BDC781C-1B41-4CC5-87D4-96D3A020554A}.Debug|x64.ActiveCfg = Debug|Any CPU
		{8BDC781C-1B41-4CC5-87D4-96D3A020554A}.Debug|x64.Build.0 = Debug|Any CPU
		{8BDC781C-1B41-4CC5-87D4-96D3A020554A}.Debug|x86.ActiveCfg = Debug|Any CPU
		{8BDC781C-1B41-4CC5-87D4-96D3A020554A}.Debug|x86.Build.0 = Debug|Any CPU
		{8BDC781C-1B41-4CC5-87D4-96D3A020554A}.Release|Any CPU.ActiveCfg = Release|Any CPU
		{8BDC781C-1B41-4CC5-87D4-96D3A020554A}.Release|Any CPU.Build.0 = Release|Any CPU
		{8BDC781C-1B41-4CC5-87D4-96D3A020554A}.Release|x64.ActiveCfg = Release|Any CPU
		{8BDC781C-1B41-4CC5-87D4-96D3A020554A}.Release|x64.Build.0 = Release|Any CPU
		{8BDC781C-1B41-4CC5-87D4-96D3A020554A}.Release|x86.ActiveCfg = Release|Any CPU
		{8BDC781C-1B41-4CC5-87D4-96D3A020554A}.Release|x86.Build.0 = Release|Any CPU
		{0E8DB0F9-B8AE-485D-9D14-B576F3FCA813}.Debug|Any CPU.ActiveCfg = Debug|Any CPU
		{0E8DB0F9-B8AE-485D-9D14-B576F3FCA813}.Debug|Any CPU.Build.0 = Debug|Any CPU
		{0E8DB0F9-B8AE-485D-9D14-B576F3FCA813}.Debug|x64.ActiveCfg = Debug|Any CPU
		{0E8DB0F9-B8AE-485D-9D14-B576F3FCA813}.Debug|x64.Build.0 = Debug|Any CPU
		{0E8DB0F9-B8AE-485D-9D14-B576F3FCA813}.Debug|x86.ActiveCfg = Debug|Any CPU
		{0E8DB0F9-B8AE-485D-9D14-B576F3FCA813}.Debug|x86.Build.0 = Debug|Any CPU
		{0E8DB0F9-B8AE-485D-9D14-B576F3FCA813}.Release|Any CPU.ActiveCfg = Release|Any CPU
		{0E8DB0F9-B8AE-485D-9D14-B576F3FCA813}.Release|Any CPU.Build.0 = Release|Any CPU
		{0E8DB0F9-B8AE-485D-9D14-B576F3FCA813}.Release|x64.ActiveCfg = Release|Any CPU
		{0E8DB0F9-B8AE-485D-9D14-B576F3FCA813}.Release|x64.Build.0 = Release|Any CPU
		{0E8DB0F9-B8AE-485D-9D14-B576F3FCA813}.Release|x86.ActiveCfg = Release|Any CPU
		{0E8DB0F9-B8AE-485D-9D14-B576F3FCA813}.Release|x86.Build.0 = Release|Any CPU
		{2D121E06-24DD-49D7-87BE-61CACDA33DF0}.Debug|Any CPU.ActiveCfg = Debug|Any CPU
		{2D121E06-24DD-49D7-87BE-61CACDA33DF0}.Debug|Any CPU.Build.0 = Debug|Any CPU
		{2D121E06-24DD-49D7-87BE-61CACDA33DF0}.Debug|x64.ActiveCfg = Debug|Any CPU
		{2D121E06-24DD-49D7-87BE-61CACDA33DF0}.Debug|x64.Build.0 = Debug|Any CPU
		{2D121E06-24DD-49D7-87BE-61CACDA33DF0}.Debug|x86.ActiveCfg = Debug|Any CPU
		{2D121E06-24DD-49D7-87BE-61CACDA33DF0}.Debug|x86.Build.0 = Debug|Any CPU
		{2D121E06-24DD-49D7-87BE-61CACDA33DF0}.Release|Any CPU.ActiveCfg = Release|Any CPU
		{2D121E06-24DD-49D7-87BE-61CACDA33DF0}.Release|Any CPU.Build.0 = Release|Any CPU
		{2D121E06-24DD-49D7-87BE-61CACDA33DF0}.Release|x64.ActiveCfg = Release|Any CPU
		{2D121E06-24DD-49D7-87BE-61CACDA33DF0}.Release|x64.Build.0 = Release|Any CPU
		{2D121E06-24DD-49D7-87BE-61CACDA33DF0}.Release|x86.ActiveCfg = Release|Any CPU
		{2D121E06-24DD-49D7-87BE-61CACDA33DF0}.Release|x86.Build.0 = Release|Any CPU
	EndGlobalSection
EndGlobal
